
Microsoft Visual Studio Solution File, Format Version 12.00
# Visual Studio Version 16
VisualStudioVersion = 16.0.32002.261
MinimumVisualStudioVersion = 10.0.40219.1
Project("{FAE04EC0-301F-11D3-BF4B-00C04F79EFBC}") = "ConvertDataKienGiang", "ConvertDataKienGiang\ConvertDataKienGiang.csproj", "{C05F1A3F-D078-4D6E-BE7E-75A27F17CFD1}"
EndProject
Global
	GlobalSection(SolutionConfigurationPlatforms) = preSolution
		Debug|Any CPU = Debug|Any CPU
		Release|Any CPU = Release|Any CPU
	EndGlobalSection
	GlobalSection(ProjectConfigurationPlatforms) = postSolution
		{C05F1A3F-D078-4D6E-BE7E-75A27F17CFD1}.Debug|Any CPU.ActiveCfg = Debug|Any CPU
		{C05F1A3F-D078-4D6E-BE7E-75A27F17CFD1}.Debug|Any CPU.Build.0 = Debug|Any CPU
		{C05F1A3F-D078-4D6E-BE7E-75A27F17CFD1}.Release|Any CPU.ActiveCfg = Release|Any CPU
		{C05F1A3F-D078-4D6E-BE7E-75A27F17CFD1}.Release|Any CPU.Build.0 = Release|Any CPU
	EndGlobalSection
	GlobalSection(SolutionProperties) = preSolution
		HideSolutionNode = FALSE
	EndGlobalSection
	GlobalSection(ExtensibilityGlobals) = postSolution
		SolutionGuid = {DDA8CA2E-C45E-41B2-9B33-AF0D62022B13}
	EndGlobalSection
EndGlobal
